
Microsoft Visual Studio Solution File, Format Version 12.00
# Visual Studio 15
VisualStudioVersion = 15.0.26430.16
MinimumVisualStudioVersion = 10.0.40219.1
Project("{FAE04EC0-301F-11D3-BF4B-00C04F79EFBC}") = "PexelEngine.Launcher.Android", "PexelEngine.Launcher\PexelEngine.Launcher.Android\PexelEngine.Launcher.Android.csproj", "{372E487F-728E-4D32-8612-F7AED6583230}"
EndProject
Project("{FAE04EC0-301F-11D3-BF4B-00C04F79EFBC}") = "PexelEngine.Launcher.iOS", "PexelEngine.Launcher\PexelEngine.Launcher.iOS\PexelEngine.Launcher.iOS.csproj", "{96EA66CA-A187-4A26-8216-00258E2443CB}"
EndProject
Project("{FAE04EC0-301F-11D3-BF4B-00C04F79EFBC}") = "PexelEngine.Launcher.UWP", "PexelEngine.Launcher\PexelEngine.Launcher.UWP\PexelEngine.Launcher.UWP.csproj", "{D442D57C-D572-4400-B099-A22301DE26CD}"
EndProject
Project("{FAE04EC0-301F-11D3-BF4B-00C04F79EFBC}") = "PexelEngine.Launcher", "PexelEngine.Launcher\PexelEngine.Launcher\PexelEngine.Launcher.csproj", "{F2DF0314-5671-4583-BC33-945013048CAD}"
EndProject
Project("{FAE04EC0-301F-11D3-BF4B-00C04F79EFBC}") = "PexelEngine.Launcher.Windows", "PexelEngine.Launcher.Windows\PexelEngine.Launcher.Windows.csproj", "{E67BA037-F355-4933-843D-276D62D9E9B2}"
EndProject
Global
	GlobalSection(SolutionConfigurationPlatforms) = preSolution
		Debug|Any CPU = Debug|Any CPU
		Debug|ARM = Debug|ARM
		Debug|iPhone = Debug|iPhone
		Debug|iPhoneSimulator = Debug|iPhoneSimulator
		Debug|x64 = Debug|x64
		Debug|x86 = Debug|x86
		Release|Any CPU = Release|Any CPU
		Release|ARM = Release|ARM
		Release|iPhone = Release|iPhone
		Release|iPhoneSimulator = Release|iPhoneSimulator
		Release|x64 = Release|x64
		Release|x86 = Release|x86
	EndGlobalSection
	GlobalSection(ProjectConfigurationPlatforms) = postSolution
		{372E487F-728E-4D32-8612-F7AED6583230}.Debug|Any CPU.ActiveCfg = Debug|Any CPU
		{372E487F-728E-4D32-8612-F7AED6583230}.Debug|Any CPU.Build.0 = Debug|Any CPU
		{372E487F-728E-4D32-8612-F7AED6583230}.Debug|Any CPU.Deploy.0 = Debug|Any CPU
		{372E487F-728E-4D32-8612-F7AED6583230}.Debug|ARM.ActiveCfg = Debug|Any CPU
		{372E487F-728E-4D32-8612-F7AED6583230}.Debug|ARM.Build.0 = Debug|Any CPU
		{372E487F-728E-4D32-8612-F7AED6583230}.Debug|ARM.Deploy.0 = Debug|Any CPU
		{372E487F-728E-4D32-8612-F7AED6583230}.Debug|iPhone.ActiveCfg = Debug|Any CPU
		{372E487F-728E-4D32-8612-F7AED6583230}.Debug|iPhone.Build.0 = Debug|Any CPU
		{372E487F-728E-4D32-8612-F7AED6583230}.Debug|iPhone.Deploy.0 = Debug|Any CPU
		{372E487F-728E-4D32-8612-F7AED6583230}.Debug|iPhoneSimulator.ActiveCfg = Debug|Any CPU
		{372E487F-728E-4D32-8612-F7AED6583230}.Debug|iPhoneSimulator.Build.0 = Debug|Any CPU
		{372E487F-728E-4D32-8612-F7AED6583230}.Debug|iPhoneSimulator.Deploy.0 = Debug|Any CPU
		{372E487F-728E-4D32-8612-F7AED6583230}.Debug|x64.ActiveCfg = Debug|Any CPU
		{372E487F-728E-4D32-8612-F7AED6583230}.Debug|x64.Build.0 = Debug|Any CPU
		{372E487F-728E-4D32-8612-F7AED6583230}.Debug|x64.Deploy.0 = Debug|Any CPU
		{372E487F-728E-4D32-8612-F7AED6583230}.Debug|x86.ActiveCfg = Debug|Any CPU
		{372E487F-728E-4D32-8612-F7AED6583230}.Debug|x86.Build.0 = Debug|Any CPU
		{372E487F-728E-4D32-8612-F7AED6583230}.Debug|x86.Deploy.0 = Debug|Any CPU
		{372E487F-728E-4D32-8612-F7AED6583230}.Release|Any CPU.ActiveCfg = Release|Any CPU
		{372E487F-728E-4D32-8612-F7AED6583230}.Release|Any CPU.Build.0 = Release|Any CPU
		{372E487F-728E-4D32-8612-F7AED6583230}.Release|Any CPU.Deploy.0 = Release|Any CPU
		{372E487F-728E-4D32-8612-F7AED6583230}.Release|ARM.ActiveCfg = Release|Any CPU
		{372E487F-728E-4D32-8612-F7AED6583230}.Release|ARM.Build.0 = Release|Any CPU
		{372E487F-728E-4D32-8612-F7AED6583230}.Release|ARM.Deploy.0 = Release|Any CPU
		{372E487F-728E-4D32-8612-F7AED6583230}.Release|iPhone.ActiveCfg = Release|Any CPU
		{372E487F-728E-4D32-8612-F7AED6583230}.Release|iPhone.Build.0 = Release|Any CPU
		{372E487F-728E-4D32-8612-F7AED6583230}.Release|iPhone.Deploy.0 = Release|Any CPU
		{372E487F-728E-4D32-8612-F7AED6583230}.Release|iPhoneSimulator.ActiveCfg = Release|Any CPU
		{372E487F-728E-4D32-8612-F7AED6583230}.Release|iPhoneSimulator.Build.0 = Release|Any CPU
		{372E487F-728E-4D32-8612-F7AED6583230}.Release|iPhoneSimulator.Deploy.0 = Release|Any CPU
		{372E487F-728E-4D32-8612-F7AED6583230}.Release|x64.ActiveCfg = Release|Any CPU
		{372E487F-728E-4D32-8612-F7AED6583230}.Release|x64.Build.0 = Release|Any CPU
		{372E487F-728E-4D32-8612-F7AED6583230}.Release|x64.Deploy.0 = Release|Any CPU
		{372E487F-728E-4D32-8612-F7AED6583230}.Release|x86.ActiveCfg = Release|Any CPU
		{372E487F-728E-4D32-8612-F7AED6583230}.Release|x86.Build.0 = Release|Any CPU
		{372E487F-728E-4D32-8612-F7AED6583230}.Release|x86.Deploy.0 = Release|Any CPU
		{96EA66CA-A187-4A26-8216-00258E2443CB}.Debug|Any CPU.ActiveCfg = Debug|iPhone
		{96EA66CA-A187-4A26-8216-00258E2443CB}.Debug|ARM.ActiveCfg = Debug|iPhone
		{96EA66CA-A187-4A26-8216-00258E2443CB}.Debug|iPhone.ActiveCfg = Debug|iPhone
		{96EA66CA-A187-4A26-8216-00258E2443CB}.Debug|iPhone.Build.0 = Debug|iPhone
		{96EA66CA-A187-4A26-8216-00258E2443CB}.Debug|iPhoneSimulator.ActiveCfg = Debug|iPhoneSimulator
		{96EA66CA-A187-4A26-8216-00258E2443CB}.Debug|iPhoneSimulator.Build.0 = Debug|iPhoneSimulator
		{96EA66CA-A187-4A26-8216-00258E2443CB}.Debug|x64.ActiveCfg = Debug|iPhone
		{96EA66CA-A187-4A26-8216-00258E2443CB}.Debug|x86.ActiveCfg = Debug|iPhone
		{96EA66CA-A187-4A26-8216-00258E2443CB}.Release|Any CPU.ActiveCfg = Release|iPhone
		{96EA66CA-A187-4A26-8216-00258E2443CB}.Release|ARM.ActiveCfg = Release|iPhone
		{96EA66CA-A187-4A26-8216-00258E2443CB}.Release|iPhone.ActiveCfg = Release|iPhone
		{96EA66CA-A187-4A26-8216-00258E2443CB}.Release|iPhone.Build.0 = Release|iPhone
		{96EA66CA-A187-4A26-8216-00258E2443CB}.Release|iPhoneSimulator.ActiveCfg = Release|iPhoneSimulator
		{96EA66CA-A187-4A26-8216-00258E2443CB}.Release|iPhoneSimulator.Build.0 = Release|iPhoneSimulator
		{96EA66CA-A187-4A26-8216-00258E2443CB}.Release|x64.ActiveCfg = Release|iPhone
		{96EA66CA-A187-4A26-8216-00258E2443CB}.Release|x86.ActiveCfg = Release|iPhone
		{D442D57C-D572-4400-B099-A22301DE26CD}.Debug|Any CPU.ActiveCfg = Debug|x86
		{D442D57C-D572-4400-B099-A22301DE26CD}.Debug|ARM.ActiveCfg = Debug|ARM
		{D442D57C-D572-4400-B099-A22301DE26CD}.Debug|ARM.Build.0 = Debug|ARM
		{D442D57C-D572-4400-B099-A22301DE26CD}.Debug|ARM.Deploy.0 = Debug|ARM
		{D442D57C-D572-4400-B099-A22301DE26CD}.Debug|iPhone.ActiveCfg = Debug|x86
		{D442D57C-D572-4400-B099-A22301DE26CD}.Debug|iPhoneSimulator.ActiveCfg = Debug|x86
		{D442D57C-D572-4400-B099-A22301DE26CD}.Debug|x64.ActiveCfg = Debug|x64
		{D442D57C-D572-4400-B099-A22301DE26CD}.Debug|x64.Build.0 = Debug|x64
		{D442D57C-D572-4400-B099-A22301DE26CD}.Debug|x64.Deploy.0 = Debug|x64
		{D442D57C-D572-4400-B099-A22301DE26CD}.Debug|x86.ActiveCfg = Debug|x86
		{D442D57C-D572-4400-B099-A22301DE26CD}.Debug|x86.Build.0 = Debug|x86
		{D442D57C-D572-4400-B099-A22301DE26CD}.Debug|x86.Deploy.0 = Debug|x86
		{D442D57C-D572-4400-B099-A22301DE26CD}.Release|Any CPU.ActiveCfg = Release|x86
		{D442D57C-D572-4400-B099-A22301DE26CD}.Release|ARM.ActiveCfg = Release|ARM
		{D442D57C-D572-4400-B099-A22301DE26CD}.Release|ARM.Build.0 = Release|ARM
		{D442D57C-D572-4400-B099-A22301DE26CD}.Release|ARM.Deploy.0 = Release|ARM
		{D442D57C-D572-4400-B099-A22301DE26CD}.Release|iPhone.ActiveCfg = Release|x86
		{D442D57C-D572-4400-B099-A22301DE26CD}.Release|iPhoneSimulator.ActiveCfg = Release|x86
		{D442D57C-D572-4400-B099-A22301DE26CD}.Release|x64.ActiveCfg = Release|x64
		{D442D57C-D572-4400-B099-A22301DE26CD}.Release|x64.Build.0 = Release|x64
		{D442D57C-D572-4400-B099-A22301DE26CD}.Release|x64.Deploy.0 = Release|x64
		{D442D57C-D572-4400-B099-A22301DE26CD}.Release|x86.ActiveCfg = Release|x86
		{D442D57C-D572-4400-B099-A22301DE26CD}.Release|x86.Build.0 = Release|x86
		{D442D57C-D572-4400-B099-A22301DE26CD}.Release|x86.Deploy.0 = Release|x86
		{F2DF0314-5671-4583-BC33-945013048CAD}.Debug|Any CPU.ActiveCfg = Debug|Any CPU
		{F2DF0314-5671-4583-BC33-945013048CAD}.Debug|Any CPU.Build.0 = Debug|Any CPU
		{F2DF0314-5671-4583-BC33-945013048CAD}.Debug|ARM.ActiveCfg = Debug|Any CPU
		{F2DF0314-5671-4583-BC33-945013048CAD}.Debug|ARM.Build.0 = Debug|Any CPU
		{F2DF0314-5671-4583-BC33-945013048CAD}.Debug|iPhone.ActiveCfg = Debug|Any CPU
		{F2DF0314-5671-4583-BC33-945013048CAD}.Debug|iPhone.Build.0 = Debug|Any CPU
		{F2DF0314-5671-4583-BC33-945013048CAD}.Debug|iPhoneSimulator.ActiveCfg = Debug|Any CPU
		{F2DF0314-5671-4583-BC33-945013048CAD}.Debug|iPhoneSimulator.Build.0 = Debug|Any CPU
		{F2DF0314-5671-4583-BC33-945013048CAD}.Debug|x64.ActiveCfg = Debug|Any CPU
		{F2DF0314-5671-4583-BC33-945013048CAD}.Debug|x64.Build.0 = Debug|Any CPU
		{F2DF0314-5671-4583-BC33-945013048CAD}.Debug|x86.ActiveCfg = Debug|Any CPU
		{F2DF0314-5671-4583-BC33-945013048CAD}.Debug|x86.Build.0 = Debug|Any CPU
		{F2DF0314-5671-4583-BC33-945013048CAD}.Release|Any CPU.ActiveCfg = Release|Any CPU
		{F2DF0314-5671-4583-BC33-945013048CAD}.Release|Any CPU.Build.0 = Release|Any CPU
		{F2DF0314-5671-4583-BC33-945013048CAD}.Release|ARM.ActiveCfg = Release|Any CPU
		{F2DF0314-5671-4583-BC33-945013048CAD}.Release|ARM.Build.0 = Release|Any CPU
		{F2DF0314-5671-4583-BC33-945013048CAD}.Release|iPhone.ActiveCfg = Release|Any CPU
		{F2DF0314-5671-4583-BC33-945013048CAD}.Release|iPhone.Build.0 = Release|Any CPU
		{F2DF0314-5671-4583-BC33-945013048CAD}.Release|iPhoneSimulator.ActiveCfg = Release|Any CPU
		{F2DF0314-5671-4583-BC33-945013048CAD}.Release|iPhoneSimulator.Build.0 = Release|Any CPU
		{F2DF0314-5671-4583-BC33-945013048CAD}.Release|x64.ActiveCfg = Release|Any CPU
		{F2DF0314-5671-4583-BC33-945013048CAD}.Release|x64.Build.0 = Release|Any CPU
		{F2DF0314-5671-4583-BC33-945013048CAD}.Release|x86.ActiveCfg = Release|Any CPU
		{F2DF0314-5671-4583-BC33-945013048CAD}.Release|x86.Build.0 = Release|Any CPU
		{E67BA037-F355-4933-843D-276D62D9E9B2}.Debug|Any CPU.ActiveCfg = Debug|Any CPU
		{E67BA037-F355-4933-843D-276D62D9E9B2}.Debug|Any CPU.Build.0 = Debug|Any CPU
		{E67BA037-F355-4933-843D-276D62D9E9B2}.Debug|ARM.ActiveCfg = Debug|Any CPU
		{E67BA037-F355-4933-843D-276D62D9E9B2}.Debug|ARM.Build.0 = Debug|Any CPU
		{E67BA037-F355-4933-843D-276D62D9E9B2}.Debug|iPhone.ActiveCfg = Debug|Any CPU
		{E67BA037-F355-4933-843D-276D62D9E9B2}.Debug|iPhone.Build.0 = Debug|Any CPU
		{E67BA037-F355-4933-843D-276D62D9E9B2}.Debug|iPhoneSimulator.ActiveCfg = Debug|Any CPU
		{E67BA037-F355-4933-843D-276D62D9E9B2}.Debug|iPhoneSimulator.Build.0 = Debug|Any CPU
		{E67BA037-F355-4933-843D-276D62D9E9B2}.Debug|x64.ActiveCfg = Debug|Any CPU
		{E67BA037-F355-4933-843D-276D62D9E9B2}.Debug|x64.Build.0 = Debug|Any CPU
		{E67BA037-F355-4933-843D-276D62D9E9B2}.Debug|x86.ActiveCfg = Debug|Any CPU
		{E67BA037-F355-4933-843D-276D62D9E9B2}.Debug|x86.Build.0 = Debug|Any CPU
		{E67BA037-F355-4933-843D-276D62D9E9B2}.Release|Any CPU.ActiveCfg = Release|Any CPU
		{E67BA037-F355-4933-843D-276D62D9E9B2}.Release|Any CPU.Build.0 = Release|Any CPU
		{E67BA037-F355-4933-843D-276D62D9E9B2}.Release|ARM.ActiveCfg = Release|Any CPU
		{E67BA037-F355-4933-843D-276D62D9E9B2}.Release|ARM.Build.0 = Release|Any CPU
		{E67BA037-F355-4933-843D-276D62D9E9B2}.Release|iPhone.ActiveCfg = Release|Any CPU
		{E67BA037-F355-4933-843D-276D62D9E9B2}.Release|iPhone.Build.0 = Release|Any CPU
		{E67BA037-F355-4933-843D-276D62D9E9B2}.Release|iPhoneSimulator.ActiveCfg = Release|Any CPU
		{E67BA037-F355-4933-843D-276D62D9E9B2}.Release|iPhoneSimulator.Build.0 = Release|Any CPU
		{E67BA037-F355-4933-843D-276D62D9E9B2}.Release|x64.ActiveCfg = Release|Any CPU
		{E67BA037-F355-4933-843D-276D62D9E9B2}.Release|x64.Build.0 = Release|Any CPU
		{E67BA037-F355-4933-843D-276D62D9E9B2}.Release|x86.ActiveCfg = Release|Any CPU
		{E67BA037-F355-4933-843D-276D62D9E9B2}.Release|x86.Build.0 = Release|Any CPU
	EndGlobalSection
	GlobalSection(SolutionProperties) = preSolution
		HideSolutionNode = FALSE
	EndGlobalSection
EndGlobal
